
Microsoft Visual Studio Solution File, Format Version 12.00
# Visual Studio Version 17
VisualStudioVersion = 17.12.35527.113
MinimumVisualStudioVersion = 10.0.40219.1
Project("{FAE04EC0-301F-11D3-BF4B-00C04F79EFBC}") = "DotJEMAngularMaterialTemplate.Server", "Server\DotJEMAngularMaterialTemplate.Server\DotJEMAngularMaterialTemplate.Server.csproj", "{4BDFBC98-200C-4207-945B-D2E315A983E1}"
EndProject
Project("{54A90642-561A-4BB1-A94E-469ADEE60C69}") = "dotjemangularmaterialtemplate.client", "Client\dotjemangularmaterialtemplate.client\dotjemangularmaterialtemplate.client.esproj", "{0297ABA2-8B54-40B5-B40C-AAFB74621C84}"
EndProject
Project("{2150E333-8FDC-42A3-9474-1A3956D46DE8}") = "Client", "Client", "{2773319C-311A-4C79-AA6A-F148DA66957A}"
EndProject
Project("{2150E333-8FDC-42A3-9474-1A3956D46DE8}") = "Server", "Server", "{38EE4CF5-DFE3-48D2-A032-B3001F455469}"
EndProject
Global
	GlobalSection(SolutionConfigurationPlatforms) = preSolution
		Debug|Any CPU = Debug|Any CPU
		Release|Any CPU = Release|Any CPU
	EndGlobalSection
	GlobalSection(ProjectConfigurationPlatforms) = postSolution
		{4BDFBC98-200C-4207-945B-D2E315A983E1}.Debug|Any CPU.ActiveCfg = Debug|Any CPU
		{4BDFBC98-200C-4207-945B-D2E315A983E1}.Debug|Any CPU.Build.0 = Debug|Any CPU
		{4BDFBC98-200C-4207-945B-D2E315A983E1}.Release|Any CPU.ActiveCfg = Release|Any CPU
		{4BDFBC98-200C-4207-945B-D2E315A983E1}.Release|Any CPU.Build.0 = Release|Any CPU
		{0297ABA2-8B54-40B5-B40C-AAFB74621C84}.Debug|Any CPU.ActiveCfg = Debug|Any CPU
		{0297ABA2-8B54-40B5-B40C-AAFB74621C84}.Debug|Any CPU.Build.0 = Debug|Any CPU
		{0297ABA2-8B54-40B5-B40C-AAFB74621C84}.Debug|Any CPU.Deploy.0 = Debug|Any CPU
		{0297ABA2-8B54-40B5-B40C-AAFB74621C84}.Release|Any CPU.ActiveCfg = Release|Any CPU
		{0297ABA2-8B54-40B5-B40C-AAFB74621C84}.Release|Any CPU.Build.0 = Release|Any CPU
		{0297ABA2-8B54-40B5-B40C-AAFB74621C84}.Release|Any CPU.Deploy.0 = Release|Any CPU
	EndGlobalSection
	GlobalSection(SolutionProperties) = preSolution
		HideSolutionNode = FALSE
	EndGlobalSection
	GlobalSection(NestedProjects) = preSolution
		{4BDFBC98-200C-4207-945B-D2E315A983E1} = {38EE4CF5-DFE3-48D2-A032-B3001F455469}
		{0297ABA2-8B54-40B5-B40C-AAFB74621C84} = {2773319C-311A-4C79-AA6A-F148DA66957A}
	EndGlobalSection
EndGlobal
